
Microsoft Visual Studio Solution File, Format Version 12.00
# Visual Studio 15
VisualStudioVersion = 15.0.28010.2050
MinimumVisualStudioVersion = 10.0.40219.1
Project("{FAE04EC0-301F-11D3-BF4B-00C04F79EFBC}") = "(P) String Manipulation", "(P) String Manipulation\(P) String Manipulation.csproj", "{623463AD-417A-477C-936B-E69F4236D780}"
EndProject
Global
	GlobalSection(SolutionConfigurationPlatforms) = preSolution
		Debug|Any CPU = Debug|Any CPU
		Release|Any CPU = Release|Any CPU
	EndGlobalSection
	GlobalSection(ProjectConfigurationPlatforms) = postSolution
		{623463AD-417A-477C-936B-E69F4236D780}.Debug|Any CPU.ActiveCfg = Debug|Any CPU
		{623463AD-417A-477C-936B-E69F4236D780}.Debug|Any CPU.Build.0 = Debug|Any CPU
		{623463AD-417A-477C-936B-E69F4236D780}.Release|Any CPU.ActiveCfg = Release|Any CPU
		{623463AD-417A-477C-936B-E69F4236D780}.Release|Any CPU.Build.0 = Release|Any CPU
	EndGlobalSection
	GlobalSection(SolutionProperties) = preSolution
		HideSolutionNode = FALSE
	EndGlobalSection
	GlobalSection(ExtensibilityGlobals) = postSolution
		SolutionGuid = {C08E6BB5-CC6E-46DE-AB8C-F89D66F1D275}
	EndGlobalSection
EndGlobal
